
Microsoft Visual Studio Solution File, Format Version 12.00
# Visual Studio Version 17
VisualStudioVersion = 17.6.33801.468
MinimumVisualStudioVersion = 10.0.40219.1
Project("{FAE04EC0-301F-11D3-BF4B-00C04F79EFBC}") = "Week9_polymorphism", "Week9_polymorphism\Week9_polymorphism.csproj", "{F2A6AB57-56C1-48FB-984E-C1B0C6421AB0}"
EndProject
Global
	GlobalSection(SolutionConfigurationPlatforms) = preSolution
		Debug|Any CPU = Debug|Any CPU
		Release|Any CPU = Release|Any CPU
	EndGlobalSection
	GlobalSection(ProjectConfigurationPlatforms) = postSolution
		{F2A6AB57-56C1-48FB-984E-C1B0C6421AB0}.Debug|Any CPU.ActiveCfg = Debug|Any CPU
		{F2A6AB57-56C1-48FB-984E-C1B0C6421AB0}.Debug|Any CPU.Build.0 = Debug|Any CPU
		{F2A6AB57-56C1-48FB-984E-C1B0C6421AB0}.Release|Any CPU.ActiveCfg = Release|Any CPU
		{F2A6AB57-56C1-48FB-984E-C1B0C6421AB0}.Release|Any CPU.Build.0 = Release|Any CPU
	EndGlobalSection
	GlobalSection(SolutionProperties) = preSolution
		HideSolutionNode = FALSE
	EndGlobalSection
	GlobalSection(ExtensibilityGlobals) = postSolution
		SolutionGuid = {8CFFDACA-F661-40F2-A7D6-453B7A55E9AE}
	EndGlobalSection
EndGlobal
