
Microsoft Visual Studio Solution File, Format Version 12.00
# Visual Studio Version 17
VisualStudioVersion = 17.5.33627.172
MinimumVisualStudioVersion = 10.0.40219.1
Project("{FAE04EC0-301F-11D3-BF4B-00C04F79EFBC}") = "xcptions", "xcptions\xcptions.csproj", "{F439BA50-3FF1-4C46-8A04-DFCDFAD741CE}"
EndProject
Global
	GlobalSection(SolutionConfigurationPlatforms) = preSolution
		Debug|Any CPU = Debug|Any CPU
		Release|Any CPU = Release|Any CPU
	EndGlobalSection
	GlobalSection(ProjectConfigurationPlatforms) = postSolution
		{F439BA50-3FF1-4C46-8A04-DFCDFAD741CE}.Debug|Any CPU.ActiveCfg = Debug|Any CPU
		{F439BA50-3FF1-4C46-8A04-DFCDFAD741CE}.Debug|Any CPU.Build.0 = Debug|Any CPU
		{F439BA50-3FF1-4C46-8A04-DFCDFAD741CE}.Release|Any CPU.ActiveCfg = Release|Any CPU
		{F439BA50-3FF1-4C46-8A04-DFCDFAD741CE}.Release|Any CPU.Build.0 = Release|Any CPU
	EndGlobalSection
	GlobalSection(SolutionProperties) = preSolution
		HideSolutionNode = FALSE
	EndGlobalSection
	GlobalSection(ExtensibilityGlobals) = postSolution
		SolutionGuid = {FED83997-8145-478E-AD8A-986BA61B95E1}
	EndGlobalSection
EndGlobal
