
Microsoft Visual Studio Solution File, Format Version 12.00
# Visual Studio Version 17
VisualStudioVersion = 17.6.33801.468
MinimumVisualStudioVersion = 10.0.40219.1
Project("{FAE04EC0-301F-11D3-BF4B-00C04F79EFBC}") = "Week_10_GUI", "Week_10_GUI\Week_10_GUI.csproj", "{752839D1-029F-4E02-A45A-95F9CD53215E}"
EndProject
Global
	GlobalSection(SolutionConfigurationPlatforms) = preSolution
		Debug|Any CPU = Debug|Any CPU
		Release|Any CPU = Release|Any CPU
	EndGlobalSection
	GlobalSection(ProjectConfigurationPlatforms) = postSolution
		{752839D1-029F-4E02-A45A-95F9CD53215E}.Debug|Any CPU.ActiveCfg = Debug|Any CPU
		{752839D1-029F-4E02-A45A-95F9CD53215E}.Debug|Any CPU.Build.0 = Debug|Any CPU
		{752839D1-029F-4E02-A45A-95F9CD53215E}.Release|Any CPU.ActiveCfg = Release|Any CPU
		{752839D1-029F-4E02-A45A-95F9CD53215E}.Release|Any CPU.Build.0 = Release|Any CPU
	EndGlobalSection
	GlobalSection(SolutionProperties) = preSolution
		HideSolutionNode = FALSE
	EndGlobalSection
	GlobalSection(ExtensibilityGlobals) = postSolution
		SolutionGuid = {8D965063-7D22-4018-93B3-0C014A9F3631}
	EndGlobalSection
EndGlobal
