
Microsoft Visual Studio Solution File, Format Version 12.00
# Visual Studio Version 17
VisualStudioVersion = 17.6.33829.357
MinimumVisualStudioVersion = 10.0.40219.1
Project("{FAE04EC0-301F-11D3-BF4B-00C04F79EFBC}") = "Week_12_LINQ", "Week_12_LINQ\Week_12_LINQ.csproj", "{6E897FB2-EAF3-4D7E-A04D-1481FB181F86}"
EndProject
Global
	GlobalSection(SolutionConfigurationPlatforms) = preSolution
		Debug|Any CPU = Debug|Any CPU
		Release|Any CPU = Release|Any CPU
	EndGlobalSection
	GlobalSection(ProjectConfigurationPlatforms) = postSolution
		{6E897FB2-EAF3-4D7E-A04D-1481FB181F86}.Debug|Any CPU.ActiveCfg = Debug|Any CPU
		{6E897FB2-EAF3-4D7E-A04D-1481FB181F86}.Debug|Any CPU.Build.0 = Debug|Any CPU
		{6E897FB2-EAF3-4D7E-A04D-1481FB181F86}.Release|Any CPU.ActiveCfg = Release|Any CPU
		{6E897FB2-EAF3-4D7E-A04D-1481FB181F86}.Release|Any CPU.Build.0 = Release|Any CPU
	EndGlobalSection
	GlobalSection(SolutionProperties) = preSolution
		HideSolutionNode = FALSE
	EndGlobalSection
	GlobalSection(ExtensibilityGlobals) = postSolution
		SolutionGuid = {18EFFD8A-0894-4E06-BAC6-207CD0EA872D}
	EndGlobalSection
EndGlobal
